// !$*UTF8*$!
{
	archiveVersion = 1;
	classes = {
	};
	objectVersion = 48;
	objects = {

/* Begin PBXBuildFile section */
		3047DDDC1F743D2C00C641F1 /* LocalGenerator.swift in Sources */ = {isa = PBXBuildFile; fileRef = 3047DDDB1F743D2C00C641F1 /* LocalGenerator.swift */; };
		3047DDDF1F743F4A00C641F1 /* data.json in Resources */ = {isa = PBXBuildFile; fileRef = 30953DA11F72E69C0028E2B6 /* data.json */; };
		3047DDE11F7441B900C641F1 /* CitizenCellView.swift in Sources */ = {isa = PBXBuildFile; fileRef = 3047DDE01F7441B900C641F1 /* CitizenCellView.swift */; };
		307BD7061F72FD8500149B4F /* CacheService.swift in Sources */ = {isa = PBXBuildFile; fileRef = 307BD7051F72FD8500149B4F /* CacheService.swift */; };
		307BD7071F72FD9600149B4F /* CacheService.swift in Sources */ = {isa = PBXBuildFile; fileRef = 307BD7051F72FD8500149B4F /* CacheService.swift */; };
		30953D991F72DFD70028E2B6 /* Citizen.swift in Sources */ = {isa = PBXBuildFile; fileRef = 30953D981F72DFD70028E2B6 /* Citizen.swift */; };
		30953D9B1F72E3BC0028E2B6 /* NetworkGenerator.swift in Sources */ = {isa = PBXBuildFile; fileRef = 30953D9A1F72E3BC0028E2B6 /* NetworkGenerator.swift */; };
		30953D9D1F72E5BC0028E2B6 /* CitizenParser.swift in Sources */ = {isa = PBXBuildFile; fileRef = 30953D9C1F72E5BC0028E2B6 /* CitizenParser.swift */; };
		30953D9F1F72E6780028E2B6 /* CitizenParserTests.swift in Sources */ = {isa = PBXBuildFile; fileRef = 30953D9E1F72E6780028E2B6 /* CitizenParserTests.swift */; };
		30953DA21F72E6AC0028E2B6 /* data.json in Resources */ = {isa = PBXBuildFile; fileRef = 30953DA11F72E69C0028E2B6 /* data.json */; };
		30953DA31F72E7090028E2B6 /* CitizenParser.swift in Sources */ = {isa = PBXBuildFile; fileRef = 30953D9C1F72E5BC0028E2B6 /* CitizenParser.swift */; };
		30953DA41F72E70B0028E2B6 /* NetworkGenerator.swift in Sources */ = {isa = PBXBuildFile; fileRef = 30953D9A1F72E3BC0028E2B6 /* NetworkGenerator.swift */; };
		30953DA51F72E7800028E2B6 /* Citizen.swift in Sources */ = {isa = PBXBuildFile; fileRef = 30953D981F72DFD70028E2B6 /* Citizen.swift */; };
		30CF6FF41F7567B100F447DA /* DetailCitizen.storyboard in Resources */ = {isa = PBXBuildFile; fileRef = 30CF6FF31F7567B100F447DA /* DetailCitizen.storyboard */; };
		30CF6FF61F756AF400F447DA /* DetailCitizenViewController.swift in Sources */ = {isa = PBXBuildFile; fileRef = 30CF6FF51F756AF400F447DA /* DetailCitizenViewController.swift */; };
		30CF6FF81F756B5C00F447DA /* DetailCitizenViewModel.swift in Sources */ = {isa = PBXBuildFile; fileRef = 30CF6FF71F756B5C00F447DA /* DetailCitizenViewModel.swift */; };
		30CF6FFA1F756C0700F447DA /* DetailCitizenView.swift in Sources */ = {isa = PBXBuildFile; fileRef = 30CF6FF91F756C0700F447DA /* DetailCitizenView.swift */; };
		30CF6FFC1F756D3400F447DA /* DetailCitizenRouter.swift in Sources */ = {isa = PBXBuildFile; fileRef = 30CF6FFB1F756D3400F447DA /* DetailCitizenRouter.swift */; };
		30CF6FFF1F7574A300F447DA /* JobTableViewCell.swift in Sources */ = {isa = PBXBuildFile; fileRef = 30CF6FFE1F7574A300F447DA /* JobTableViewCell.swift */; };
		30CF70011F75784100F447DA /* JobCellViewModel.swift in Sources */ = {isa = PBXBuildFile; fileRef = 30CF70001F75784100F447DA /* JobCellViewModel.swift */; };
		30D22DD31F7426CC00A83D9C /* CacheServiceTests.swift in Sources */ = {isa = PBXBuildFile; fileRef = 30D22DD21F7426CC00A83D9C /* CacheServiceTests.swift */; };
		30EC87A81F742AC7004633D9 /* CitizenTableViewCell.swift in Sources */ = {isa = PBXBuildFile; fileRef = 30EC87A71F742AC7004633D9 /* CitizenTableViewCell.swift */; };
		30EC87AA1F742B1A004633D9 /* FriendCollectionViewCell.swift in Sources */ = {isa = PBXBuildFile; fileRef = 30EC87A91F742B1A004633D9 /* FriendCollectionViewCell.swift */; };
		30EC87AC1F742BB5004633D9 /* CitizensViewModel.swift in Sources */ = {isa = PBXBuildFile; fileRef = 30EC87AB1F742BB5004633D9 /* CitizensViewModel.swift */; };
		30EC87AE1F742BE4004633D9 /* CitizensView.swift in Sources */ = {isa = PBXBuildFile; fileRef = 30EC87AD1F742BE4004633D9 /* CitizensView.swift */; };
		30EC87B01F74365A004633D9 /* CitizenCellViewModel.swift in Sources */ = {isa = PBXBuildFile; fileRef = 30EC87AF1F74365A004633D9 /* CitizenCellViewModel.swift */; };
		30EC87B51F743835004633D9 /* CitizensRouter.swift in Sources */ = {isa = PBXBuildFile; fileRef = 30EC87B41F743835004633D9 /* CitizensRouter.swift */; };
		30EC87B71F74396B004633D9 /* StarterInjection.swift in Sources */ = {isa = PBXBuildFile; fileRef = 30EC87B61F74396B004633D9 /* StarterInjection.swift */; };
		30ED292C1F72DC4400FB9964 /* AppDelegate.swift in Sources */ = {isa = PBXBuildFile; fileRef = 30ED292B1F72DC4400FB9964 /* AppDelegate.swift */; };
		30ED292E1F72DC4400FB9964 /* CitizenTableViewController.swift in Sources */ = {isa = PBXBuildFile; fileRef = 30ED292D1F72DC4400FB9964 /* CitizenTableViewController.swift */; };
		30ED29311F72DC4400FB9964 /* ListCitizen.storyboard in Resources */ = {isa = PBXBuildFile; fileRef = 30ED292F1F72DC4400FB9964 /* ListCitizen.storyboard */; };
		30ED29331F72DC4400FB9964 /* Assets.xcassets in Resources */ = {isa = PBXBuildFile; fileRef = 30ED29321F72DC4400FB9964 /* Assets.xcassets */; };
		30ED29361F72DC4400FB9964 /* LaunchScreen.storyboard in Resources */ = {isa = PBXBuildFile; fileRef = 30ED29341F72DC4400FB9964 /* LaunchScreen.storyboard */; };
		30ED29411F72DC4400FB9964 /* GnomesTests.swift in Sources */ = {isa = PBXBuildFile; fileRef = 30ED29401F72DC4400FB9964 /* GnomesTests.swift */; };
		BE93336904EC789DFEDADD8C /* Pods_Gnomes.framework in Frameworks */ = {isa = PBXBuildFile; fileRef = A9739352AA3BF20ED560B639 /* Pods_Gnomes.framework */; };
		CB0E5A9DDE74571671DF8C07 /* Pods_GnomesTests.framework in Frameworks */ = {isa = PBXBuildFile; fileRef = DD1CECCC413388594D1D90D0 /* Pods_GnomesTests.framework */; };
/* End PBXBuildFile section */

/* Begin PBXContainerItemProxy section */
		30ED293D1F72DC4400FB9964 /* PBXContainerItemProxy */ = {
			isa = PBXContainerItemProxy;
			containerPortal = 30ED29201F72DC4400FB9964 /* Project object */;
			proxyType = 1;
			remoteGlobalIDString = 30ED29271F72DC4400FB9964;
			remoteInfo = Gnomes;
		};
/* End PBXContainerItemProxy section */

/* Begin PBXFileReference section */
		3047DDDB1F743D2C00C641F1 /* LocalGenerator.swift */ = {isa = PBXFileReference; lastKnownFileType = sourcecode.swift; path = LocalGenerator.swift; sourceTree = "<group>"; };
		3047DDDE1F743D6300C641F1 /* data.json */ = {isa = PBXFileReference; lastKnownFileType = text.json; path = data.json; sourceTree = "<group>"; };
		3047DDE01F7441B900C641F1 /* CitizenCellView.swift */ = {isa = PBXFileReference; lastKnownFileType = sourcecode.swift; path = CitizenCellView.swift; sourceTree = "<group>"; };
		307BD7051F72FD8500149B4F /* CacheService.swift */ = {isa = PBXFileReference; lastKnownFileType = sourcecode.swift; path = CacheService.swift; sourceTree = "<group>"; };
		30953D981F72DFD70028E2B6 /* Citizen.swift */ = {isa = PBXFileReference; lastKnownFileType = sourcecode.swift; path = Citizen.swift; sourceTree = "<group>"; };
		30953D9A1F72E3BC0028E2B6 /* NetworkGenerator.swift */ = {isa = PBXFileReference; lastKnownFileType = sourcecode.swift; path = NetworkGenerator.swift; sourceTree = "<group>"; };
		30953D9C1F72E5BC0028E2B6 /* CitizenParser.swift */ = {isa = PBXFileReference; lastKnownFileType = sourcecode.swift; path = CitizenParser.swift; sourceTree = "<group>"; };
		30953D9E1F72E6780028E2B6 /* CitizenParserTests.swift */ = {isa = PBXFileReference; lastKnownFileType = sourcecode.swift; path = CitizenParserTests.swift; sourceTree = "<group>"; };
		30953DA11F72E69C0028E2B6 /* data.json */ = {isa = PBXFileReference; lastKnownFileType = text.json; path = data.json; sourceTree = "<group>"; };
		30CF6FF31F7567B100F447DA /* DetailCitizen.storyboard */ = {isa = PBXFileReference; lastKnownFileType = file.storyboard; path = DetailCitizen.storyboard; sourceTree = "<group>"; };
		30CF6FF51F756AF400F447DA /* DetailCitizenViewController.swift */ = {isa = PBXFileReference; lastKnownFileType = sourcecode.swift; path = DetailCitizenViewController.swift; sourceTree = "<group>"; };
		30CF6FF71F756B5C00F447DA /* DetailCitizenViewModel.swift */ = {isa = PBXFileReference; lastKnownFileType = sourcecode.swift; path = DetailCitizenViewModel.swift; sourceTree = "<group>"; };
		30CF6FF91F756C0700F447DA /* DetailCitizenView.swift */ = {isa = PBXFileReference; lastKnownFileType = sourcecode.swift; path = DetailCitizenView.swift; sourceTree = "<group>"; };
		30CF6FFB1F756D3400F447DA /* DetailCitizenRouter.swift */ = {isa = PBXFileReference; lastKnownFileType = sourcecode.swift; path = DetailCitizenRouter.swift; sourceTree = "<group>"; };
		30CF6FFE1F7574A300F447DA /* JobTableViewCell.swift */ = {isa = PBXFileReference; lastKnownFileType = sourcecode.swift; path = JobTableViewCell.swift; sourceTree = "<group>"; };
		30CF70001F75784100F447DA /* JobCellViewModel.swift */ = {isa = PBXFileReference; lastKnownFileType = sourcecode.swift; path = JobCellViewModel.swift; sourceTree = "<group>"; };
		30D22DD21F7426CC00A83D9C /* CacheServiceTests.swift */ = {isa = PBXFileReference; lastKnownFileType = sourcecode.swift; path = CacheServiceTests.swift; sourceTree = "<group>"; };
		30EC87A71F742AC7004633D9 /* CitizenTableViewCell.swift */ = {isa = PBXFileReference; lastKnownFileType = sourcecode.swift; path = CitizenTableViewCell.swift; sourceTree = "<group>"; };
		30EC87A91F742B1A004633D9 /* FriendCollectionViewCell.swift */ = {isa = PBXFileReference; lastKnownFileType = sourcecode.swift; path = FriendCollectionViewCell.swift; sourceTree = "<group>"; };
		30EC87AB1F742BB5004633D9 /* CitizensViewModel.swift */ = {isa = PBXFileReference; lastKnownFileType = sourcecode.swift; path = CitizensViewModel.swift; sourceTree = "<group>"; };
		30EC87AD1F742BE4004633D9 /* CitizensView.swift */ = {isa = PBXFileReference; lastKnownFileType = sourcecode.swift; path = CitizensView.swift; sourceTree = "<group>"; };
		30EC87AF1F74365A004633D9 /* CitizenCellViewModel.swift */ = {isa = PBXFileReference; lastKnownFileType = sourcecode.swift; path = CitizenCellViewModel.swift; sourceTree = "<group>"; };
		30EC87B41F743835004633D9 /* CitizensRouter.swift */ = {isa = PBXFileReference; lastKnownFileType = sourcecode.swift; path = CitizensRouter.swift; sourceTree = "<group>"; };
		30EC87B61F74396B004633D9 /* StarterInjection.swift */ = {isa = PBXFileReference; lastKnownFileType = sourcecode.swift; path = StarterInjection.swift; sourceTree = "<group>"; };
		30ED29281F72DC4400FB9964 /* Gnomes.app */ = {isa = PBXFileReference; explicitFileType = wrapper.application; includeInIndex = 0; path = Gnomes.app; sourceTree = BUILT_PRODUCTS_DIR; };
		30ED292B1F72DC4400FB9964 /* AppDelegate.swift */ = {isa = PBXFileReference; lastKnownFileType = sourcecode.swift; path = AppDelegate.swift; sourceTree = "<group>"; };
		30ED292D1F72DC4400FB9964 /* CitizenTableViewController.swift */ = {isa = PBXFileReference; lastKnownFileType = sourcecode.swift; path = CitizenTableViewController.swift; sourceTree = "<group>"; };
		30ED29301F72DC4400FB9964 /* Base */ = {isa = PBXFileReference; lastKnownFileType = file.storyboard; name = Base; path = Base.lproj/ListCitizen.storyboard; sourceTree = "<group>"; };
		30ED29321F72DC4400FB9964 /* Assets.xcassets */ = {isa = PBXFileReference; lastKnownFileType = folder.assetcatalog; path = Assets.xcassets; sourceTree = "<group>"; };
		30ED29351F72DC4400FB9964 /* Base */ = {isa = PBXFileReference; lastKnownFileType = file.storyboard; name = Base; path = Base.lproj/LaunchScreen.storyboard; sourceTree = "<group>"; };
		30ED29371F72DC4400FB9964 /* Info.plist */ = {isa = PBXFileReference; lastKnownFileType = text.plist.xml; path = Info.plist; sourceTree = "<group>"; };
		30ED293C1F72DC4400FB9964 /* GnomesTests.xctest */ = {isa = PBXFileReference; explicitFileType = wrapper.cfbundle; includeInIndex = 0; path = GnomesTests.xctest; sourceTree = BUILT_PRODUCTS_DIR; };
		30ED29401F72DC4400FB9964 /* GnomesTests.swift */ = {isa = PBXFileReference; lastKnownFileType = sourcecode.swift; path = GnomesTests.swift; sourceTree = "<group>"; };
		30ED29421F72DC4400FB9964 /* Info.plist */ = {isa = PBXFileReference; lastKnownFileType = text.plist.xml; path = Info.plist; sourceTree = "<group>"; };
		8C5016AB41CB3B4DA9AAADDE /* Pods-Gnomes.debug.xcconfig */ = {isa = PBXFileReference; includeInIndex = 1; lastKnownFileType = text.xcconfig; name = "Pods-Gnomes.debug.xcconfig"; path = "Pods/Target Support Files/Pods-Gnomes/Pods-Gnomes.debug.xcconfig"; sourceTree = "<group>"; };
		8FC689F026C329B7EF03AE9E /* Pods-GnomesTests.debug.xcconfig */ = {isa = PBXFileReference; includeInIndex = 1; lastKnownFileType = text.xcconfig; name = "Pods-GnomesTests.debug.xcconfig"; path = "Pods/Target Support Files/Pods-GnomesTests/Pods-GnomesTests.debug.xcconfig"; sourceTree = "<group>"; };
		A9739352AA3BF20ED560B639 /* Pods_Gnomes.framework */ = {isa = PBXFileReference; explicitFileType = wrapper.framework; includeInIndex = 0; path = Pods_Gnomes.framework; sourceTree = BUILT_PRODUCTS_DIR; };
		D790003341811A16061C8E6B /* Pods-Gnomes.release.xcconfig */ = {isa = PBXFileReference; includeInIndex = 1; lastKnownFileType = text.xcconfig; name = "Pods-Gnomes.release.xcconfig"; path = "Pods/Target Support Files/Pods-Gnomes/Pods-Gnomes.release.xcconfig"; sourceTree = "<group>"; };
		DD1CECCC413388594D1D90D0 /* Pods_GnomesTests.framework */ = {isa = PBXFileReference; explicitFileType = wrapper.framework; includeInIndex = 0; path = Pods_GnomesTests.framework; sourceTree = BUILT_PRODUCTS_DIR; };
		E35A669ADD6A402658A09B04 /* Pods-GnomesTests.release.xcconfig */ = {isa = PBXFileReference; includeInIndex = 1; lastKnownFileType = text.xcconfig; name = "Pods-GnomesTests.release.xcconfig"; path = "Pods/Target Support Files/Pods-GnomesTests/Pods-GnomesTests.release.xcconfig"; sourceTree = "<group>"; };
/* End PBXFileReference section */

/* Begin PBXFrameworksBuildPhase section */
		30ED29251F72DC4400FB9964 /* Frameworks */ = {
			isa = PBXFrameworksBuildPhase;
			buildActionMask = 2147483647;
			files = (
				BE93336904EC789DFEDADD8C /* Pods_Gnomes.framework in Frameworks */,
			);
			runOnlyForDeploymentPostprocessing = 0;
		};
		30ED29391F72DC4400FB9964 /* Frameworks */ = {
			isa = PBXFrameworksBuildPhase;
			buildActionMask = 2147483647;
			files = (
				CB0E5A9DDE74571671DF8C07 /* Pods_GnomesTests.framework in Frameworks */,
			);
			runOnlyForDeploymentPostprocessing = 0;
		};
/* End PBXFrameworksBuildPhase section */

/* Begin PBXGroup section */
		25ED6CCA5406B3EEDF0B99E9 /* Frameworks */ = {
			isa = PBXGroup;
			children = (
				A9739352AA3BF20ED560B639 /* Pods_Gnomes.framework */,
				DD1CECCC413388594D1D90D0 /* Pods_GnomesTests.framework */,
			);
			name = Frameworks;
			sourceTree = "<group>";
		};
		3047DDDD1F743D5600C641F1 /* Resources */ = {
			isa = PBXGroup;
			children = (
				30953DA11F72E69C0028E2B6 /* data.json */,
			);
			path = Resources;
			sourceTree = "<group>";
		};
		30953D961F72DE790028E2B6 /* Models */ = {
			isa = PBXGroup;
			children = (
				30953D981F72DFD70028E2B6 /* Citizen.swift */,
			);
			path = Models;
			sourceTree = "<group>";
		};
		30953D971F72DE840028E2B6 /* Services */ = {
			isa = PBXGroup;
			children = (
				30953D9A1F72E3BC0028E2B6 /* NetworkGenerator.swift */,
				30953D9C1F72E5BC0028E2B6 /* CitizenParser.swift */,
				307BD7051F72FD8500149B4F /* CacheService.swift */,
				30EC87B61F74396B004633D9 /* StarterInjection.swift */,
				3047DDDB1F743D2C00C641F1 /* LocalGenerator.swift */,
			);
			path = Services;
			sourceTree = "<group>";
		};
		30953DA01F72E6910028E2B6 /* Resources */ = {
			isa = PBXGroup;
			children = (
				3047DDDE1F743D6300C641F1 /* data.json */,
			);
			path = Resources;
			sourceTree = "<group>";
		};
		30CF6FEC1F7566F400F447DA /* storyboard */ = {
			isa = PBXGroup;
			children = (
				30ED292F1F72DC4400FB9964 /* ListCitizen.storyboard */,
			);
			path = storyboard;
			sourceTree = "<group>";
		};
		30CF6FED1F75676400F447DA /* Detail */ = {
			isa = PBXGroup;
			children = (
				30CF6FF21F75679200F447DA /* router */,
				30CF6FF11F75678900F447DA /* protocols */,
				30CF6FF01F75678300F447DA /* viewmodel */,
				30CF6FEF1F75677200F447DA /* view */,
				30CF6FEE1F75676A00F447DA /* storyboard */,
			);
			path = Detail;
			sourceTree = "<group>";
		};
		30CF6FEE1F75676A00F447DA /* storyboard */ = {
			isa = PBXGroup;
			children = (
				30CF6FF31F7567B100F447DA /* DetailCitizen.storyboard */,
			);
			path = storyboard;
			sourceTree = "<group>";
		};
		30CF6FEF1F75677200F447DA /* view */ = {
			isa = PBXGroup;
			children = (
				30CF6FFD1F75748F00F447DA /* Cell */,
				30CF6FF51F756AF400F447DA /* DetailCitizenViewController.swift */,
			);
			path = view;
			sourceTree = "<group>";
		};
		30CF6FF01F75678300F447DA /* viewmodel */ = {
			isa = PBXGroup;
			children = (
				30CF6FF71F756B5C00F447DA /* DetailCitizenViewModel.swift */,
				30CF70001F75784100F447DA /* JobCellViewModel.swift */,
			);
			path = viewmodel;
			sourceTree = "<group>";
		};
		30CF6FF11F75678900F447DA /* protocols */ = {
			isa = PBXGroup;
			children = (
				30CF6FF91F756C0700F447DA /* DetailCitizenView.swift */,
			);
			path = protocols;
			sourceTree = "<group>";
		};
		30CF6FF21F75679200F447DA /* router */ = {
			isa = PBXGroup;
			children = (
				30CF6FFB1F756D3400F447DA /* DetailCitizenRouter.swift */,
			);
			path = router;
			sourceTree = "<group>";
		};
		30CF6FFD1F75748F00F447DA /* Cell */ = {
			isa = PBXGroup;
			children = (
				30CF6FFE1F7574A300F447DA /* JobTableViewCell.swift */,
			);
			path = Cell;
			sourceTree = "<group>";
		};
		30D22DD41F74289500A83D9C /* views */ = {
			isa = PBXGroup;
			children = (
				30EC87A61F742AB5004633D9 /* Cell */,
				30ED292D1F72DC4400FB9964 /* CitizenTableViewController.swift */,
			);
			path = views;
			sourceTree = "<group>";
		};
		30D22DD51F74289900A83D9C /* Use Cases */ = {
			isa = PBXGroup;
			children = (
				30CF6FED1F75676400F447DA /* Detail */,
				30D22DD61F7428A200A83D9C /* ListCitizen */,
			);
			path = "Use Cases";
			sourceTree = "<group>";
		};
		30D22DD61F7428A200A83D9C /* ListCitizen */ = {
			isa = PBXGroup;
			children = (
				30EC87B31F743822004633D9 /* router */,
				30D22DD81F7428B400A83D9C /* protocols */,
				30D22DD71F7428AD00A83D9C /* viewmodel */,
				30D22DD41F74289500A83D9C /* views */,
				30CF6FEC1F7566F400F447DA /* storyboard */,
			);
			path = ListCitizen;
			sourceTree = "<group>";
		};
		30D22DD71F7428AD00A83D9C /* viewmodel */ = {
			isa = PBXGroup;
			children = (
				30EC87AB1F742BB5004633D9 /* CitizensViewModel.swift */,
				30EC87AF1F74365A004633D9 /* CitizenCellViewModel.swift */,
			);
			path = viewmodel;
			sourceTree = "<group>";
		};
		30D22DD81F7428B400A83D9C /* protocols */ = {
			isa = PBXGroup;
			children = (
				30EC87AD1F742BE4004633D9 /* CitizensView.swift */,
				3047DDE01F7441B900C641F1 /* CitizenCellView.swift */,
			);
			path = protocols;
			sourceTree = "<group>";
		};
		30EC87A61F742AB5004633D9 /* Cell */ = {
			isa = PBXGroup;
			children = (
				30EC87A71F742AC7004633D9 /* CitizenTableViewCell.swift */,
				30EC87A91F742B1A004633D9 /* FriendCollectionViewCell.swift */,
			);
			path = Cell;
			sourceTree = "<group>";
		};
		30EC87B31F743822004633D9 /* router */ = {
			isa = PBXGroup;
			children = (
				30EC87B41F743835004633D9 /* CitizensRouter.swift */,
			);
			path = router;
			sourceTree = "<group>";
		};
		30ED291F1F72DC4400FB9964 = {
			isa = PBXGroup;
			children = (
				30ED292A1F72DC4400FB9964 /* Gnomes */,
				30ED293F1F72DC4400FB9964 /* GnomesTests */,
				30ED29291F72DC4400FB9964 /* Products */,
				653F2C256F3B7770826D0A55 /* Pods */,
				25ED6CCA5406B3EEDF0B99E9 /* Frameworks */,
			);
			sourceTree = "<group>";
		};
		30ED29291F72DC4400FB9964 /* Products */ = {
			isa = PBXGroup;
			children = (
				30ED29281F72DC4400FB9964 /* Gnomes.app */,
				30ED293C1F72DC4400FB9964 /* GnomesTests.xctest */,
			);
			name = Products;
			sourceTree = "<group>";
		};
		30ED292A1F72DC4400FB9964 /* Gnomes */ = {
			isa = PBXGroup;
			children = (
				3047DDDD1F743D5600C641F1 /* Resources */,
				30D22DD51F74289900A83D9C /* Use Cases */,
				30953D971F72DE840028E2B6 /* Services */,
				30953D961F72DE790028E2B6 /* Models */,
				30ED292B1F72DC4400FB9964 /* AppDelegate.swift */,
				30ED29321F72DC4400FB9964 /* Assets.xcassets */,
				30ED29341F72DC4400FB9964 /* LaunchScreen.storyboard */,
				30ED29371F72DC4400FB9964 /* Info.plist */,
			);
			path = Gnomes;
			sourceTree = "<group>";
		};
		30ED293F1F72DC4400FB9964 /* GnomesTests */ = {
			isa = PBXGroup;
			children = (
				30953DA01F72E6910028E2B6 /* Resources */,
				30ED29401F72DC4400FB9964 /* GnomesTests.swift */,
				30ED29421F72DC4400FB9964 /* Info.plist */,
				30953D9E1F72E6780028E2B6 /* CitizenParserTests.swift */,
				30D22DD21F7426CC00A83D9C /* CacheServiceTests.swift */,
			);
			path = GnomesTests;
			sourceTree = "<group>";
		};
		653F2C256F3B7770826D0A55 /* Pods */ = {
			isa = PBXGroup;
			children = (
				8C5016AB41CB3B4DA9AAADDE /* Pods-Gnomes.debug.xcconfig */,
				D790003341811A16061C8E6B /* Pods-Gnomes.release.xcconfig */,
				8FC689F026C329B7EF03AE9E /* Pods-GnomesTests.debug.xcconfig */,
				E35A669ADD6A402658A09B04 /* Pods-GnomesTests.release.xcconfig */,
			);
			name = Pods;
			sourceTree = "<group>";
		};
/* End PBXGroup section */

/* Begin PBXNativeTarget section */
		30ED29271F72DC4400FB9964 /* Gnomes */ = {
			isa = PBXNativeTarget;
			buildConfigurationList = 30ED29451F72DC4400FB9964 /* Build configuration list for PBXNativeTarget "Gnomes" */;
			buildPhases = (
				AAA10BF7C36DBC86AD8342CB /* [CP] Check Pods Manifest.lock */,
				30ED29241F72DC4400FB9964 /* Sources */,
				30ED29251F72DC4400FB9964 /* Frameworks */,
				30ED29261F72DC4400FB9964 /* Resources */,
				7E9FB2057CC5128D50CE0AEB /* [CP] Embed Pods Frameworks */,
				CA0F345D7C75A3803A815018 /* [CP] Copy Pods Resources */,
			);
			buildRules = (
			);
			dependencies = (
			);
			name = Gnomes;
			productName = Gnomes;
			productReference = 30ED29281F72DC4400FB9964 /* Gnomes.app */;
			productType = "com.apple.product-type.application";
		};
		30ED293B1F72DC4400FB9964 /* GnomesTests */ = {
			isa = PBXNativeTarget;
			buildConfigurationList = 30ED29481F72DC4400FB9964 /* Build configuration list for PBXNativeTarget "GnomesTests" */;
			buildPhases = (
				6EAF8D23BCD4B1E300A7967A /* [CP] Check Pods Manifest.lock */,
				30ED29381F72DC4400FB9964 /* Sources */,
				30ED29391F72DC4400FB9964 /* Frameworks */,
				30ED293A1F72DC4400FB9964 /* Resources */,
				618CF63F888B7AF3CC88FABC /* [CP] Embed Pods Frameworks */,
				42CF81038D8EEF63F66E538D /* [CP] Copy Pods Resources */,
			);
			buildRules = (
			);
			dependencies = (
				30ED293E1F72DC4400FB9964 /* PBXTargetDependency */,
			);
			name = GnomesTests;
			productName = GnomesTests;
			productReference = 30ED293C1F72DC4400FB9964 /* GnomesTests.xctest */;
			productType = "com.apple.product-type.bundle.unit-test";
		};
/* End PBXNativeTarget section */

/* Begin PBXProject section */
		30ED29201F72DC4400FB9964 /* Project object */ = {
			isa = PBXProject;
			attributes = {
				LastSwiftUpdateCheck = 0900;
				LastUpgradeCheck = 0900;
				ORGANIZATIONNAME = "Pablo Viciano Negre";
				TargetAttributes = {
					30ED29271F72DC4400FB9964 = {
						CreatedOnToolsVersion = 9.0;
						ProvisioningStyle = Automatic;
					};
					30ED293B1F72DC4400FB9964 = {
						CreatedOnToolsVersion = 9.0;
						ProvisioningStyle = Automatic;
						TestTargetID = 30ED29271F72DC4400FB9964;
					};
				};
			};
			buildConfigurationList = 30ED29231F72DC4400FB9964 /* Build configuration list for PBXProject "Gnomes" */;
			compatibilityVersion = "Xcode 8.0";
			developmentRegion = en;
			hasScannedForEncodings = 0;
			knownRegions = (
				en,
				Base,
			);
			mainGroup = 30ED291F1F72DC4400FB9964;
			productRefGroup = 30ED29291F72DC4400FB9964 /* Products */;
			projectDirPath = "";
			projectRoot = "";
			targets = (
				30ED29271F72DC4400FB9964 /* Gnomes */,
				30ED293B1F72DC4400FB9964 /* GnomesTests */,
			);
		};
/* End PBXProject section */

/* Begin PBXResourcesBuildPhase section */
		30ED29261F72DC4400FB9964 /* Resources */ = {
			isa = PBXResourcesBuildPhase;
			buildActionMask = 2147483647;
			files = (
				30ED29361F72DC4400FB9964 /* LaunchScreen.storyboard in Resources */,
				30ED29331F72DC4400FB9964 /* Assets.xcassets in Resources */,
				30CF6FF41F7567B100F447DA /* DetailCitizen.storyboard in Resources */,
				30ED29311F72DC4400FB9964 /* ListCitizen.storyboard in Resources */,
				3047DDDF1F743F4A00C641F1 /* data.json in Resources */,
			);
			runOnlyForDeploymentPostprocessing = 0;
		};
		30ED293A1F72DC4400FB9964 /* Resources */ = {
			isa = PBXResourcesBuildPhase;
			buildActionMask = 2147483647;
			files = (
				30953DA21F72E6AC0028E2B6 /* data.json in Resources */,
			);
			runOnlyForDeploymentPostprocessing = 0;
		};
/* End PBXResourcesBuildPhase section */

/* Begin PBXShellScriptBuildPhase section */
		42CF81038D8EEF63F66E538D /* [CP] Copy Pods Resources */ = {
			isa = PBXShellScriptBuildPhase;
			buildActionMask = 2147483647;
			files = (
			);
			inputPaths = (
			);
			name = "[CP] Copy Pods Resources";
			outputPaths = (
			);
			runOnlyForDeploymentPostprocessing = 0;
			shellPath = /bin/sh;
			shellScript = "\"${SRCROOT}/Pods/Target Support Files/Pods-GnomesTests/Pods-GnomesTests-resources.sh\"\n";
			showEnvVarsInLog = 0;
		};
		618CF63F888B7AF3CC88FABC /* [CP] Embed Pods Frameworks */ = {
			isa = PBXShellScriptBuildPhase;
			buildActionMask = 2147483647;
			files = (
			);
			inputPaths = (
			);
			name = "[CP] Embed Pods Frameworks";
			outputPaths = (
			);
			runOnlyForDeploymentPostprocessing = 0;
			shellPath = /bin/sh;
			shellScript = "\"${SRCROOT}/Pods/Target Support Files/Pods-GnomesTests/Pods-GnomesTests-frameworks.sh\"\n";
			showEnvVarsInLog = 0;
		};
		6EAF8D23BCD4B1E300A7967A /* [CP] Check Pods Manifest.lock */ = {
			isa = PBXShellScriptBuildPhase;
			buildActionMask = 2147483647;
			files = (
			);
			inputPaths = (
				"${PODS_PODFILE_DIR_PATH}/Podfile.lock",
				"${PODS_ROOT}/Manifest.lock",
			);
			name = "[CP] Check Pods Manifest.lock";
			outputPaths = (
				"$(DERIVED_FILE_DIR)/Pods-GnomesTests-checkManifestLockResult.txt",
			);
			runOnlyForDeploymentPostprocessing = 0;
			shellPath = /bin/sh;
			shellScript = "diff \"${PODS_PODFILE_DIR_PATH}/Podfile.lock\" \"${PODS_ROOT}/Manifest.lock\" > /dev/null\nif [ $? != 0 ] ; then\n    # print error to STDERR\n    echo \"error: The sandbox is not in sync with the Podfile.lock. Run 'pod install' or update your CocoaPods installation.\" >&2\n    exit 1\nfi\n# This output is used by Xcode 'outputs' to avoid re-running this script phase.\necho \"SUCCESS\" > \"${SCRIPT_OUTPUT_FILE_0}\"\n";
			showEnvVarsInLog = 0;
		};
		7E9FB2057CC5128D50CE0AEB /* [CP] Embed Pods Frameworks */ = {
			isa = PBXShellScriptBuildPhase;
			buildActionMask = 2147483647;
			files = (
			);
			inputPaths = (
				"${SRCROOT}/Pods/Target Support Files/Pods-Gnomes/Pods-Gnomes-frameworks.sh",
				"${BUILT_PRODUCTS_DIR}/Alamofire/Alamofire.framework",
				"${BUILT_PRODUCTS_DIR}/Result/Result.framework",
			);
			name = "[CP] Embed Pods Frameworks";
			outputPaths = (
				"${TARGET_BUILD_DIR}/${FRAMEWORKS_FOLDER_PATH}/Alamofire.framework",
				"${TARGET_BUILD_DIR}/${FRAMEWORKS_FOLDER_PATH}/Result.framework",
			);
			runOnlyForDeploymentPostprocessing = 0;
			shellPath = /bin/sh;
			shellScript = "\"${SRCROOT}/Pods/Target Support Files/Pods-Gnomes/Pods-Gnomes-frameworks.sh\"\n";
			showEnvVarsInLog = 0;
		};
		AAA10BF7C36DBC86AD8342CB /* [CP] Check Pods Manifest.lock */ = {
			isa = PBXShellScriptBuildPhase;
			buildActionMask = 2147483647;
			files = (
			);
			inputPaths = (
				"${PODS_PODFILE_DIR_PATH}/Podfile.lock",
				"${PODS_ROOT}/Manifest.lock",
			);
			name = "[CP] Check Pods Manifest.lock";
			outputPaths = (
				"$(DERIVED_FILE_DIR)/Pods-Gnomes-checkManifestLockResult.txt",
			);
			runOnlyForDeploymentPostprocessing = 0;
			shellPath = /bin/sh;
			shellScript = "diff \"${PODS_PODFILE_DIR_PATH}/Podfile.lock\" \"${PODS_ROOT}/Manifest.lock\" > /dev/null\nif [ $? != 0 ] ; then\n    # print error to STDERR\n    echo \"error: The sandbox is not in sync with the Podfile.lock. Run 'pod install' or update your CocoaPods installation.\" >&2\n    exit 1\nfi\n# This output is used by Xcode 'outputs' to avoid re-running this script phase.\necho \"SUCCESS\" > \"${SCRIPT_OUTPUT_FILE_0}\"\n";
			showEnvVarsInLog = 0;
		};
		CA0F345D7C75A3803A815018 /* [CP] Copy Pods Resources */ = {
			isa = PBXShellScriptBuildPhase;
			buildActionMask = 2147483647;
			files = (
			);
			inputPaths = (
			);
			name = "[CP] Copy Pods Resources";
			outputPaths = (
			);
			runOnlyForDeploymentPostprocessing = 0;
			shellPath = /bin/sh;
			shellScript = "\"${SRCROOT}/Pods/Target Support Files/Pods-Gnomes/Pods-Gnomes-resources.sh\"\n";
			showEnvVarsInLog = 0;
		};
/* End PBXShellScriptBuildPhase section */

/* Begin PBXSourcesBuildPhase section */
		30ED29241F72DC4400FB9964 /* Sources */ = {
			isa = PBXSourcesBuildPhase;
			buildActionMask = 2147483647;
			files = (
				30EC87AA1F742B1A004633D9 /* FriendCollectionViewCell.swift in Sources */,
				30EC87B71F74396B004633D9 /* StarterInjection.swift in Sources */,
				30CF6FFA1F756C0700F447DA /* DetailCitizenView.swift in Sources */,
				30ED292E1F72DC4400FB9964 /* CitizenTableViewController.swift in Sources */,
				30CF6FFC1F756D3400F447DA /* DetailCitizenRouter.swift in Sources */,
				3047DDDC1F743D2C00C641F1 /* LocalGenerator.swift in Sources */,
				30953D9D1F72E5BC0028E2B6 /* CitizenParser.swift in Sources */,
				30EC87AE1F742BE4004633D9 /* CitizensView.swift in Sources */,
				30953D991F72DFD70028E2B6 /* Citizen.swift in Sources */,
				30EC87AC1F742BB5004633D9 /* CitizensViewModel.swift in Sources */,
				30953D9B1F72E3BC0028E2B6 /* NetworkGenerator.swift in Sources */,
				30CF70011F75784100F447DA /* JobCellViewModel.swift in Sources */,
				30EC87B01F74365A004633D9 /* CitizenCellViewModel.swift in Sources */,
				307BD7061F72FD8500149B4F /* CacheService.swift in Sources */,
				30EC87B51F743835004633D9 /* CitizensRouter.swift in Sources */,
				30CF6FF61F756AF400F447DA /* DetailCitizenViewController.swift in Sources */,
				3047DDE11F7441B900C641F1 /* CitizenCellView.swift in Sources */,
				30ED292C1F72DC4400FB9964 /* AppDelegate.swift in Sources */,
				30EC87A81F742AC7004633D9 /* CitizenTableViewCell.swift in Sources */,
				30CF6FF81F756B5C00F447DA /* DetailCitizenViewModel.swift in Sources */,
				30CF6FFF1F7574A300F447DA /* JobTableViewCell.swift in Sources */,
			);
			runOnlyForDeploymentPostprocessing = 0;
		};
		30ED29381F72DC4400FB9964 /* Sources */ = {
			isa = PBXSourcesBuildPhase;
			buildActionMask = 2147483647;
			files = (
				30953DA51F72E7800028E2B6 /* Citizen.swift in Sources */,
				30ED29411F72DC4400FB9964 /* GnomesTests.swift in Sources */,
				30953DA31F72E7090028E2B6 /* CitizenParser.swift in Sources */,
				30953DA41F72E70B0028E2B6 /* NetworkGenerator.swift in Sources */,
				307BD7071F72FD9600149B4F /* CacheService.swift in Sources */,
				30953D9F1F72E6780028E2B6 /* CitizenParserTests.swift in Sources */,
				30D22DD31F7426CC00A83D9C /* CacheServiceTests.swift in Sources */,
			);
			runOnlyForDeploymentPostprocessing = 0;
		};
/* End PBXSourcesBuildPhase section */

/* Begin PBXTargetDependency section */
		30ED293E1F72DC4400FB9964 /* PBXTargetDependency */ = {
			isa = PBXTargetDependency;
			target = 30ED29271F72DC4400FB9964 /* Gnomes */;
			targetProxy = 30ED293D1F72DC4400FB9964 /* PBXContainerItemProxy */;
		};
/* End PBXTargetDependency section */

/* Begin PBXVariantGroup section */
		30ED292F1F72DC4400FB9964 /* ListCitizen.storyboard */ = {
			isa = PBXVariantGroup;
			children = (
				30ED29301F72DC4400FB9964 /* Base */,
			);
			name = ListCitizen.storyboard;
			sourceTree = "<group>";
		};
		30ED29341F72DC4400FB9964 /* LaunchScreen.storyboard */ = {
			isa = PBXVariantGroup;
			children = (
				30ED29351F72DC4400FB9964 /* Base */,
			);
			name = LaunchScreen.storyboard;
			sourceTree = "<group>";
		};
/* End PBXVariantGroup section */

/* Begin XCBuildConfiguration section */
		30ED29431F72DC4400FB9964 /* Debug */ = {
			isa = XCBuildConfiguration;
			buildSettings = {
				ALWAYS_SEARCH_USER_PATHS = NO;
				CLANG_ANALYZER_NONNULL = YES;
				CLANG_ANALYZER_NUMBER_OBJECT_CONVERSION = YES_AGGRESSIVE;
				CLANG_CXX_LANGUAGE_STANDARD = "gnu++14";
				CLANG_CXX_LIBRARY = "libc++";
				CLANG_ENABLE_MODULES = YES;
				CLANG_ENABLE_OBJC_ARC = YES;
				CLANG_WARN_BLOCK_CAPTURE_AUTORELEASING = YES;
				CLANG_WARN_BOOL_CONVERSION = YES;
				CLANG_WARN_COMMA = YES;
				CLANG_WARN_CONSTANT_CONVERSION = YES;
				CLANG_WARN_DIRECT_OBJC_ISA_USAGE = YES_ERROR;
				CLANG_WARN_DOCUMENTATION_COMMENTS = YES;
				CLANG_WARN_EMPTY_BODY = YES;
				CLANG_WARN_ENUM_CONVERSION = YES;
				CLANG_WARN_INFINITE_RECURSION = YES;
				CLANG_WARN_INT_CONVERSION = YES;
				CLANG_WARN_NON_LITERAL_NULL_CONVERSION = YES;
				CLANG_WARN_OBJC_LITERAL_CONVERSION = YES;
				CLANG_WARN_OBJC_ROOT_CLASS = YES_ERROR;
				CLANG_WARN_RANGE_LOOP_ANALYSIS = YES;
				CLANG_WARN_STRICT_PROTOTYPES = YES;
				CLANG_WARN_SUSPICIOUS_MOVE = YES;
				CLANG_WARN_UNGUARDED_AVAILABILITY = YES_AGGRESSIVE;
				CLANG_WARN_UNREACHABLE_CODE = YES;
				CLANG_WARN__DUPLICATE_METHOD_MATCH = YES;
				CODE_SIGN_IDENTITY = "iPhone Developer";
				COPY_PHASE_STRIP = NO;
				DEBUG_INFORMATION_FORMAT = dwarf;
				ENABLE_STRICT_OBJC_MSGSEND = YES;
				ENABLE_TESTABILITY = YES;
				GCC_C_LANGUAGE_STANDARD = gnu11;
				GCC_DYNAMIC_NO_PIC = NO;
				GCC_NO_COMMON_BLOCKS = YES;
				GCC_OPTIMIZATION_LEVEL = 0;
				GCC_PREPROCESSOR_DEFINITIONS = (
					"DEBUG=1",
					"$(inherited)",
				);
				GCC_WARN_64_TO_32_BIT_CONVERSION = YES;
				GCC_WARN_ABOUT_RETURN_TYPE = YES_ERROR;
				GCC_WARN_UNDECLARED_SELECTOR = YES;
				GCC_WARN_UNINITIALIZED_AUTOS = YES_AGGRESSIVE;
				GCC_WARN_UNUSED_FUNCTION = YES;
				GCC_WARN_UNUSED_VARIABLE = YES;
				IPHONEOS_DEPLOYMENT_TARGET = 11.0;
				MTL_ENABLE_DEBUG_INFO = YES;
				ONLY_ACTIVE_ARCH = YES;
				SDKROOT = iphoneos;
				SWIFT_ACTIVE_COMPILATION_CONDITIONS = DEBUG;
				SWIFT_OPTIMIZATION_LEVEL = "-Onone";
			};
			name = Debug;
		};
		30ED29441F72DC4400FB9964 /* Release */ = {
			isa = XCBuildConfiguration;
			buildSettings = {
				ALWAYS_SEARCH_USER_PATHS = NO;
				CLANG_ANALYZER_NONNULL = YES;
				CLANG_ANALYZER_NUMBER_OBJECT_CONVERSION = YES_AGGRESSIVE;
				CLANG_CXX_LANGUAGE_STANDARD = "gnu++14";
				CLANG_CXX_LIBRARY = "libc++";
				CLANG_ENABLE_MODULES = YES;
				CLANG_ENABLE_OBJC_ARC = YES;
				CLANG_WARN_BLOCK_CAPTURE_AUTORELEASING = YES;
				CLANG_WARN_BOOL_CONVERSION = YES;
				CLANG_WARN_COMMA = YES;
				CLANG_WARN_CONSTANT_CONVERSION = YES;
				CLANG_WARN_DIRECT_OBJC_ISA_USAGE = YES_ERROR;
				CLANG_WARN_DOCUMENTATION_COMMENTS = YES;
				CLANG_WARN_EMPTY_BODY = YES;
				CLANG_WARN_ENUM_CONVERSION = YES;
				CLANG_WARN_INFINITE_RECURSION = YES;
				CLANG_WARN_INT_CONVERSION = YES;
				CLANG_WARN_NON_LITERAL_NULL_CONVERSION = YES;
				CLANG_WARN_OBJC_LITERAL_CONVERSION = YES;
				CLANG_WARN_OBJC_ROOT_CLASS = YES_ERROR;
				CLANG_WARN_RANGE_LOOP_ANALYSIS = YES;
				CLANG_WARN_STRICT_PROTOTYPES = YES;
				CLANG_WARN_SUSPICIOUS_MOVE = YES;
				CLANG_WARN_UNGUARDED_AVAILABILITY = YES_AGGRESSIVE;
				CLANG_WARN_UNREACHABLE_CODE = YES;
				CLANG_WARN__DUPLICATE_METHOD_MATCH = YES;
				CODE_SIGN_IDENTITY = "iPhone Developer";
				COPY_PHASE_STRIP = NO;
				DEBUG_INFORMATION_FORMAT = "dwarf-with-dsym";
				ENABLE_NS_ASSERTIONS = NO;
				ENABLE_STRICT_OBJC_MSGSEND = YES;
				GCC_C_LANGUAGE_STANDARD = gnu11;
				GCC_NO_COMMON_BLOCKS = YES;
				GCC_WARN_64_TO_32_BIT_CONVERSION = YES;
				GCC_WARN_ABOUT_RETURN_TYPE = YES_ERROR;
				GCC_WARN_UNDECLARED_SELECTOR = YES;
				GCC_WARN_UNINITIALIZED_AUTOS = YES_AGGRESSIVE;
				GCC_WARN_UNUSED_FUNCTION = YES;
				GCC_WARN_UNUSED_VARIABLE = YES;
				IPHONEOS_DEPLOYMENT_TARGET = 11.0;
				MTL_ENABLE_DEBUG_INFO = NO;
				SDKROOT = iphoneos;
				SWIFT_OPTIMIZATION_LEVEL = "-Owholemodule";
				VALIDATE_PRODUCT = YES;
			};
			name = Release;
		};
		30ED29461F72DC4400FB9964 /* Debug */ = {
			isa = XCBuildConfiguration;
			baseConfigurationReference = 8C5016AB41CB3B4DA9AAADDE /* Pods-Gnomes.debug.xcconfig */;
			buildSettings = {
				ASSETCATALOG_COMPILER_APPICON_NAME = AppIcon;
				CODE_SIGN_STYLE = Automatic;
				DEVELOPMENT_TEAM = TR226P5N98;
				INFOPLIST_FILE = Gnomes/Info.plist;
				LD_RUNPATH_SEARCH_PATHS = "$(inherited) @executable_path/Frameworks";
				PRODUCT_BUNDLE_IDENTIFIER = com.app.Gnomes;
				PRODUCT_NAME = "$(TARGET_NAME)";
				SWIFT_VERSION = 3.0;
				TARGETED_DEVICE_FAMILY = "1,2";
			};
			name = Debug;
		};
		30ED29471F72DC4400FB9964 /* Release */ = {
			isa = XCBuildConfiguration;
			baseConfigurationReference = D790003341811A16061C8E6B /* Pods-Gnomes.release.xcconfig */;
			buildSettings = {
				ASSETCATALOG_COMPILER_APPICON_NAME = AppIcon;
				CODE_SIGN_STYLE = Automatic;
				DEVELOPMENT_TEAM = TR226P5N98;
				INFOPLIST_FILE = Gnomes/Info.plist;
				LD_RUNPATH_SEARCH_PATHS = "$(inherited) @executable_path/Frameworks";
				PRODUCT_BUNDLE_IDENTIFIER = com.app.Gnomes;
				PRODUCT_NAME = "$(TARGET_NAME)";
				SWIFT_VERSION = 3.0;
				TARGETED_DEVICE_FAMILY = "1,2";
			};
			name = Release;
		};
		30ED29491F72DC4400FB9964 /* Debug */ = {
			isa = XCBuildConfiguration;
			baseConfigurationReference = 8FC689F026C329B7EF03AE9E /* Pods-GnomesTests.debug.xcconfig */;
			buildSettings = {
				ALWAYS_EMBED_SWIFT_STANDARD_LIBRARIES = YES;
				BUNDLE_LOADER = "$(TEST_HOST)";
				CODE_SIGN_STYLE = Automatic;
				DEVELOPMENT_TEAM = TR226P5N98;
				INFOPLIST_FILE = GnomesTests/Info.plist;
				LD_RUNPATH_SEARCH_PATHS = "$(inherited) @executable_path/Frameworks @loader_path/Frameworks";
				PRODUCT_BUNDLE_IDENTIFIER = com.app.GnomesTests;
				PRODUCT_NAME = "$(TARGET_NAME)";
				SWIFT_VERSION = 4.0;
				TARGETED_DEVICE_FAMILY = "1,2";
				TEST_HOST = "$(BUILT_PRODUCTS_DIR)/Gnomes.app/Gnomes";
			};
			name = Debug;
		};
		30ED294A1F72DC4400FB9964 /* Release */ = {
			isa = XCBuildConfiguration;
			baseConfigurationReference = E35A669ADD6A402658A09B04 /* Pods-GnomesTests.release.xcconfig */;
			buildSettings = {
				ALWAYS_EMBED_SWIFT_STANDARD_LIBRARIES = YES;
				BUNDLE_LOADER = "$(TEST_HOST)";
				CODE_SIGN_STYLE = Automatic;
				DEVELOPMENT_TEAM = TR226P5N98;
				INFOPLIST_FILE = GnomesTests/Info.plist;
				LD_RUNPATH_SEARCH_PATHS = "$(inherited) @executable_path/Frameworks @loader_path/Frameworks";
				PRODUCT_BUNDLE_IDENTIFIER = com.app.GnomesTests;
				PRODUCT_NAME = "$(TARGET_NAME)";
				SWIFT_VERSION = 4.0;
				TARGETED_DEVICE_FAMILY = "1,2";
				TEST_HOST = "$(BUILT_PRODUCTS_DIR)/Gnomes.app/Gnomes";
			};
			name = Release;
		};
/* End XCBuildConfiguration section */

/* Begin XCConfigurationList section */
		30ED29231F72DC4400FB9964 /* Build configuration list for PBXProject "Gnomes" */ = {
			isa = XCConfigurationList;
			buildConfigurations = (
				30ED29431F72DC4400FB9964 /* Debug */,
				30ED29441F72DC4400FB9964 /* Release */,
			);
			defaultConfigurationIsVisible = 0;
			defaultConfigurationName = Release;
		};
		30ED29451F72DC4400FB9964 /* Build configuration list for PBXNativeTarget "Gnomes" */ = {
			isa = XCConfigurationList;
			buildConfigurations = (
				30ED29461F72DC4400FB9964 /* Debug */,
				30ED29471F72DC4400FB9964 /* Release */,
			);
			defaultConfigurationIsVisible = 0;
			defaultConfigurationName = Release;
		};
		30ED29481F72DC4400FB9964 /* Build configuration list for PBXNativeTarget "GnomesTests" */ = {
			isa = XCConfigurationList;
			buildConfigurations = (
				30ED29491F72DC4400FB9964 /* Debug */,
				30ED294A1F72DC4400FB9964 /* Release */,
			);
			defaultConfigurationIsVisible = 0;
			defaultConfigurationName = Release;
		};
/* End XCConfigurationList section */
	};
	rootObject = 30ED29201F72DC4400FB9964 /* Project object */;
}
